
Microsoft Visual Studio Solution File, Format Version 12.00
# Visual Studio Version 17
VisualStudioVersion = 17.6.33829.357
MinimumVisualStudioVersion = 10.0.40219.1
Project("{FAE04EC0-301F-11D3-BF4B-00C04F79EFBC}") = "SignalRTest", "SignalRTest.csproj", "{983C90BC-3493-4CD1-9ACD-BDE0F259215D}"
EndProject
Global
	GlobalSection(SolutionConfigurationPlatforms) = preSolution
		Debug|Any CPU = Debug|Any CPU
		Release|Any CPU = Release|Any CPU
	EndGlobalSection
	GlobalSection(ProjectConfigurationPlatforms) = postSolution
		{983C90BC-3493-4CD1-9ACD-BDE0F259215D}.Debug|Any CPU.ActiveCfg = Debug|Any CPU
		{983C90BC-3493-4CD1-9ACD-BDE0F259215D}.Debug|Any CPU.Build.0 = Debug|Any CPU
		{983C90BC-3493-4CD1-9ACD-BDE0F259215D}.Release|Any CPU.ActiveCfg = Release|Any CPU
		{983C90BC-3493-4CD1-9ACD-BDE0F259215D}.Release|Any CPU.Build.0 = Release|Any CPU
	EndGlobalSection
	GlobalSection(SolutionProperties) = preSolution
		HideSolutionNode = FALSE
	EndGlobalSection
	GlobalSection(ExtensibilityGlobals) = postSolution
		SolutionGuid = {9AAA10E8-77C4-44C0-B196-19580F7F3E6E}
	EndGlobalSection
EndGlobal
